
Microsoft Visual Studio Solution File, Format Version 12.00
# Visual Studio Version 17
VisualStudioVersion = 17.13.35818.85
MinimumVisualStudioVersion = 10.0.40219.1
Project("{FAE04EC0-301F-11D3-BF4B-00C04F79EFBC}") = "RestaurantWinForm", "RestaurantWinForm\RestaurantWinForm.csproj", "{D0DDED28-FA05-4733-B792-E96E84BB28FC}"
EndProject
Project("{FAE04EC0-301F-11D3-BF4B-00C04F79EFBC}") = "ClassLib", "ClassLib\ClassLib.csproj", "{393BEE2F-647C-4D87-8115-BFBAFA908D6C}"
EndProject
Project("{FAE04EC0-301F-11D3-BF4B-00C04F79EFBC}") = "UnitTestProject", "UnitTestProject\UnitTestProject.csproj", "{7D4115B5-6E26-4A40-B536-CF3328672512}"
EndProject
Project("{FAE04EC0-301F-11D3-BF4B-00C04F79EFBC}") = "ReceiptControl", "ReceiptControl\ReceiptControl.csproj", "{7FE9D539-E289-4607-B450-0BED3EB38496}"
EndProject
Global
	GlobalSection(SolutionConfigurationPlatforms) = preSolution
		Debug|Any CPU = Debug|Any CPU
		Release|Any CPU = Release|Any CPU
	EndGlobalSection
	GlobalSection(ProjectConfigurationPlatforms) = postSolution
		{D0DDED28-FA05-4733-B792-E96E84BB28FC}.Debug|Any CPU.ActiveCfg = Debug|Any CPU
		{D0DDED28-FA05-4733-B792-E96E84BB28FC}.Debug|Any CPU.Build.0 = Debug|Any CPU
		{D0DDED28-FA05-4733-B792-E96E84BB28FC}.Release|Any CPU.ActiveCfg = Release|Any CPU
		{D0DDED28-FA05-4733-B792-E96E84BB28FC}.Release|Any CPU.Build.0 = Release|Any CPU
		{393BEE2F-647C-4D87-8115-BFBAFA908D6C}.Debug|Any CPU.ActiveCfg = Debug|Any CPU
		{393BEE2F-647C-4D87-8115-BFBAFA908D6C}.Debug|Any CPU.Build.0 = Debug|Any CPU
		{393BEE2F-647C-4D87-8115-BFBAFA908D6C}.Release|Any CPU.ActiveCfg = Release|Any CPU
		{393BEE2F-647C-4D87-8115-BFBAFA908D6C}.Release|Any CPU.Build.0 = Release|Any CPU
		{7D4115B5-6E26-4A40-B536-CF3328672512}.Debug|Any CPU.ActiveCfg = Debug|Any CPU
		{7D4115B5-6E26-4A40-B536-CF3328672512}.Debug|Any CPU.Build.0 = Debug|Any CPU
		{7D4115B5-6E26-4A40-B536-CF3328672512}.Release|Any CPU.ActiveCfg = Release|Any CPU
		{7D4115B5-6E26-4A40-B536-CF3328672512}.Release|Any CPU.Build.0 = Release|Any CPU
		{7FE9D539-E289-4607-B450-0BED3EB38496}.Debug|Any CPU.ActiveCfg = Debug|Any CPU
		{7FE9D539-E289-4607-B450-0BED3EB38496}.Debug|Any CPU.Build.0 = Debug|Any CPU
		{7FE9D539-E289-4607-B450-0BED3EB38496}.Release|Any CPU.ActiveCfg = Release|Any CPU
		{7FE9D539-E289-4607-B450-0BED3EB38496}.Release|Any CPU.Build.0 = Release|Any CPU
	EndGlobalSection
	GlobalSection(SolutionProperties) = preSolution
		HideSolutionNode = FALSE
	EndGlobalSection
	GlobalSection(ExtensibilityGlobals) = postSolution
		SolutionGuid = {0AA56E7D-D638-4D23-ACFB-0C702FF4996F}
	EndGlobalSection
EndGlobal
